
Microsoft Visual Studio Solution File, Format Version 12.00
# Visual Studio 15
VisualStudioVersion = 15.0.28307.271
MinimumVisualStudioVersion = 10.0.40219.1
Project("{FAE04EC0-301F-11D3-BF4B-00C04F79EFBC}") = "vp_lab1", "vp_lab1.csproj", "{21488785-5F5B-4782-A9AB-0F7269DEB980}"
EndProject
Global
	GlobalSection(SolutionConfigurationPlatforms) = preSolution
		Debug|Any CPU = Debug|Any CPU
		Release|Any CPU = Release|Any CPU
	EndGlobalSection
	GlobalSection(ProjectConfigurationPlatforms) = postSolution
		{21488785-5F5B-4782-A9AB-0F7269DEB980}.Debug|Any CPU.ActiveCfg = Debug|Any CPU
		{21488785-5F5B-4782-A9AB-0F7269DEB980}.Debug|Any CPU.Build.0 = Debug|Any CPU
		{21488785-5F5B-4782-A9AB-0F7269DEB980}.Release|Any CPU.ActiveCfg = Release|Any CPU
		{21488785-5F5B-4782-A9AB-0F7269DEB980}.Release|Any CPU.Build.0 = Release|Any CPU
	EndGlobalSection
	GlobalSection(SolutionProperties) = preSolution
		HideSolutionNode = FALSE
	EndGlobalSection
	GlobalSection(ExtensibilityGlobals) = postSolution
		SolutionGuid = {54CC413C-0041-4102-9CC3-CFDCBA9C1591}
	EndGlobalSection
EndGlobal
